
Microsoft Visual Studio Solution File, Format Version 12.00
# Visual Studio 2013
VisualStudioVersion = 12.0.31101.0
MinimumVisualStudioVersion = 10.0.40219.1
Project("{2150E333-8FDC-42A3-9474-1A3956D46DE8}") = "1.Domain", "1.Domain", "{A5D92DA5-D2D1-4BED-B1F0-476B5A540022}"
EndProject
Project("{2150E333-8FDC-42A3-9474-1A3956D46DE8}") = "2.Repository.Interface", "2.Repository.Interface", "{16AE1C3F-BB3D-43BC-938A-D17B066BC553}"
EndProject
Project("{2150E333-8FDC-42A3-9474-1A3956D46DE8}") = "3.Repository.Implement", "3.Repository.Implement", "{39B417FA-764D-4FC5-83E3-293FEF55ABA9}"
EndProject
Project("{2150E333-8FDC-42A3-9474-1A3956D46DE8}") = "4.Web", "4.Web", "{8B959AE4-884E-43AD-AAE0-936E087FED6B}"
EndProject
Project("{FAE04EC0-301F-11D3-BF4B-00C04F79EFBC}") = "Sample.Domain", "Sample.Domain\Sample.Domain.csproj", "{FBC247DD-9973-4DD1-8D95-4C0549958C73}"
EndProject
Project("{FAE04EC0-301F-11D3-BF4B-00C04F79EFBC}") = "Sample.Repository.Interface", "Sample.Repository.Interface\Sample.Repository.Interface.csproj", "{20E3A3C1-6D38-40F9-8259-DD5483A6BA3B}"
EndProject
Project("{FAE04EC0-301F-11D3-BF4B-00C04F79EFBC}") = "Sample.Repository.ADONET", "Sample.Repository.ADONET\Sample.Repository.ADONET.csproj", "{AEB2D149-4220-4014-8A33-E66ECA31DC37}"
EndProject
Project("{FAE04EC0-301F-11D3-BF4B-00C04F79EFBC}") = "Sample.Repository.EF", "Sample.Repository.EF\Sample.Repository.EF.csproj", "{C966F936-D9B8-43F2-9763-A46C2345B5AD}"
EndProject
Project("{FAE04EC0-301F-11D3-BF4B-00C04F79EFBC}") = "Sample.Repository.EntLibDAAB", "Sample.Repository.EntLibDAAB\Sample.Repository.EntLibDAAB.csproj", "{155215BB-ECCD-4A80-8634-D5245DED1B48}"
EndProject
Project("{FAE04EC0-301F-11D3-BF4B-00C04F79EFBC}") = "Sample.Web.MVC", "Sample.Web.MVC\Sample.Web.MVC.csproj", "{07308907-9B77-40E6-812A-3D246DE519BD}"
EndProject
Global
	GlobalSection(SolutionConfigurationPlatforms) = preSolution
		Debug|Any CPU = Debug|Any CPU
		Release|Any CPU = Release|Any CPU
	EndGlobalSection
	GlobalSection(ProjectConfigurationPlatforms) = postSolution
		{FBC247DD-9973-4DD1-8D95-4C0549958C73}.Debug|Any CPU.ActiveCfg = Debug|Any CPU
		{FBC247DD-9973-4DD1-8D95-4C0549958C73}.Debug|Any CPU.Build.0 = Debug|Any CPU
		{FBC247DD-9973-4DD1-8D95-4C0549958C73}.Release|Any CPU.ActiveCfg = Release|Any CPU
		{FBC247DD-9973-4DD1-8D95-4C0549958C73}.Release|Any CPU.Build.0 = Release|Any CPU
		{20E3A3C1-6D38-40F9-8259-DD5483A6BA3B}.Debug|Any CPU.ActiveCfg = Debug|Any CPU
		{20E3A3C1-6D38-40F9-8259-DD5483A6BA3B}.Debug|Any CPU.Build.0 = Debug|Any CPU
		{20E3A3C1-6D38-40F9-8259-DD5483A6BA3B}.Release|Any CPU.ActiveCfg = Release|Any CPU
		{20E3A3C1-6D38-40F9-8259-DD5483A6BA3B}.Release|Any CPU.Build.0 = Release|Any CPU
		{AEB2D149-4220-4014-8A33-E66ECA31DC37}.Debug|Any CPU.ActiveCfg = Debug|Any CPU
		{AEB2D149-4220-4014-8A33-E66ECA31DC37}.Debug|Any CPU.Build.0 = Debug|Any CPU
		{AEB2D149-4220-4014-8A33-E66ECA31DC37}.Release|Any CPU.ActiveCfg = Release|Any CPU
		{AEB2D149-4220-4014-8A33-E66ECA31DC37}.Release|Any CPU.Build.0 = Release|Any CPU
		{C966F936-D9B8-43F2-9763-A46C2345B5AD}.Debug|Any CPU.ActiveCfg = Debug|Any CPU
		{C966F936-D9B8-43F2-9763-A46C2345B5AD}.Debug|Any CPU.Build.0 = Debug|Any CPU
		{C966F936-D9B8-43F2-9763-A46C2345B5AD}.Release|Any CPU.ActiveCfg = Release|Any CPU
		{C966F936-D9B8-43F2-9763-A46C2345B5AD}.Release|Any CPU.Build.0 = Release|Any CPU
		{155215BB-ECCD-4A80-8634-D5245DED1B48}.Debug|Any CPU.ActiveCfg = Debug|Any CPU
		{155215BB-ECCD-4A80-8634-D5245DED1B48}.Debug|Any CPU.Build.0 = Debug|Any CPU
		{155215BB-ECCD-4A80-8634-D5245DED1B48}.Release|Any CPU.ActiveCfg = Release|Any CPU
		{155215BB-ECCD-4A80-8634-D5245DED1B48}.Release|Any CPU.Build.0 = Release|Any CPU
		{07308907-9B77-40E6-812A-3D246DE519BD}.Debug|Any CPU.ActiveCfg = Debug|Any CPU
		{07308907-9B77-40E6-812A-3D246DE519BD}.Debug|Any CPU.Build.0 = Debug|Any CPU
		{07308907-9B77-40E6-812A-3D246DE519BD}.Release|Any CPU.ActiveCfg = Release|Any CPU
		{07308907-9B77-40E6-812A-3D246DE519BD}.Release|Any CPU.Build.0 = Release|Any CPU
	EndGlobalSection
	GlobalSection(SolutionProperties) = preSolution
		HideSolutionNode = FALSE
	EndGlobalSection
	GlobalSection(NestedProjects) = preSolution
		{FBC247DD-9973-4DD1-8D95-4C0549958C73} = {A5D92DA5-D2D1-4BED-B1F0-476B5A540022}
		{20E3A3C1-6D38-40F9-8259-DD5483A6BA3B} = {16AE1C3F-BB3D-43BC-938A-D17B066BC553}
		{AEB2D149-4220-4014-8A33-E66ECA31DC37} = {39B417FA-764D-4FC5-83E3-293FEF55ABA9}
		{C966F936-D9B8-43F2-9763-A46C2345B5AD} = {39B417FA-764D-4FC5-83E3-293FEF55ABA9}
		{155215BB-ECCD-4A80-8634-D5245DED1B48} = {39B417FA-764D-4FC5-83E3-293FEF55ABA9}
		{07308907-9B77-40E6-812A-3D246DE519BD} = {8B959AE4-884E-43AD-AAE0-936E087FED6B}
	EndGlobalSection
	GlobalSection(ExtensibilityGlobals) = postSolution
		EnterpriseLibraryConfigurationToolBinariesPathV6 = packages\EnterpriseLibrary.Common.6.0.1304.0\lib\NET45;packages\EnterpriseLibrary.Data.6.0.1304.0\lib\NET45
	EndGlobalSection
EndGlobal
